{
  "meteor": {},
  "dependencies": {
    "basePackages": {
      "reactive-forms": {},
      "bootstrap-3": {}
    },
    "packages": {
      "reactive-forms": {
        "git": "https://github.com/cwohlman/meteor-reactive-forms.git",
        "tag": "v0.0.2",
        "commit": "03a168910a216ba629ce88f75757d325c8ba10fa"
      },
      "bootstrap-3": {
        "git": "https://github.com/mangasocial/meteor-bootstrap-3.git",
        "tag": "v3.2.0-1",
        "commit": "17a63902fc6cf1096c5289d963c66cf28b474727"
      }
    }
  }
}
